
Microsoft Visual Studio Solution File, Format Version 12.00
# Visual Studio 14
VisualStudioVersion = 14.0.25420.1
MinimumVisualStudioVersion = 10.0.40219.1
Project("{FAE04EC0-301F-11D3-BF4B-00C04F79EFBC}") = "ProfSoft.WebAPIs", "ProfSoft.WebAPIs\ProfSoft.WebAPIs.csproj", "{1F077C10-A8C1-48AD-8430-84F1A288A221}"
EndProject
Project("{FAE04EC0-301F-11D3-BF4B-00C04F79EFBC}") = "ProfSoft.AppForms", "ProfSoft.AppForms\ProfSoft.AppForms.csproj", "{268AB971-807D-4BE1-913A-9F6DEC4D8CD4}"
EndProject
Project("{FAE04EC0-301F-11D3-BF4B-00C04F79EFBC}") = "ProfSoft.DTO", "ProfSoft.DTO\ProfSoft.DTO.csproj", "{B3131993-7E87-484D-97C3-66CFDEA4661E}"
EndProject
Project("{FAE04EC0-301F-11D3-BF4B-00C04F79EFBC}") = "ProfSoft.Libraries", "ProfSoft.Libraries\ProfSoft.Libraries.csproj", "{D046C15F-35F4-4DF4-AA9E-C6051F65B1D7}"
EndProject
Global
	GlobalSection(SolutionConfigurationPlatforms) = preSolution
		Debug|Any CPU = Debug|Any CPU
		Release|Any CPU = Release|Any CPU
	EndGlobalSection
	GlobalSection(ProjectConfigurationPlatforms) = postSolution
		{1F077C10-A8C1-48AD-8430-84F1A288A221}.Debug|Any CPU.ActiveCfg = Debug|Any CPU
		{1F077C10-A8C1-48AD-8430-84F1A288A221}.Debug|Any CPU.Build.0 = Debug|Any CPU
		{1F077C10-A8C1-48AD-8430-84F1A288A221}.Release|Any CPU.ActiveCfg = Release|Any CPU
		{1F077C10-A8C1-48AD-8430-84F1A288A221}.Release|Any CPU.Build.0 = Release|Any CPU
		{268AB971-807D-4BE1-913A-9F6DEC4D8CD4}.Debug|Any CPU.ActiveCfg = Debug|Any CPU
		{268AB971-807D-4BE1-913A-9F6DEC4D8CD4}.Debug|Any CPU.Build.0 = Debug|Any CPU
		{268AB971-807D-4BE1-913A-9F6DEC4D8CD4}.Release|Any CPU.ActiveCfg = Release|Any CPU
		{268AB971-807D-4BE1-913A-9F6DEC4D8CD4}.Release|Any CPU.Build.0 = Release|Any CPU
		{B3131993-7E87-484D-97C3-66CFDEA4661E}.Debug|Any CPU.ActiveCfg = Debug|Any CPU
		{B3131993-7E87-484D-97C3-66CFDEA4661E}.Debug|Any CPU.Build.0 = Debug|Any CPU
		{B3131993-7E87-484D-97C3-66CFDEA4661E}.Release|Any CPU.ActiveCfg = Release|Any CPU
		{B3131993-7E87-484D-97C3-66CFDEA4661E}.Release|Any CPU.Build.0 = Release|Any CPU
		{D046C15F-35F4-4DF4-AA9E-C6051F65B1D7}.Debug|Any CPU.ActiveCfg = Debug|Any CPU
		{D046C15F-35F4-4DF4-AA9E-C6051F65B1D7}.Debug|Any CPU.Build.0 = Debug|Any CPU
		{D046C15F-35F4-4DF4-AA9E-C6051F65B1D7}.Release|Any CPU.ActiveCfg = Release|Any CPU
		{D046C15F-35F4-4DF4-AA9E-C6051F65B1D7}.Release|Any CPU.Build.0 = Release|Any CPU
	EndGlobalSection
	GlobalSection(SolutionProperties) = preSolution
		HideSolutionNode = FALSE
	EndGlobalSection
EndGlobal
